
Microsoft Visual Studio Solution File, Format Version 12.00
# Visual Studio Version 17
VisualStudioVersion = 17.11.35327.3
MinimumVisualStudioVersion = 10.0.40219.1
Project("{FAE04EC0-301F-11D3-BF4B-00C04F79EFBC}") = "YouTubeInstanceGenerator", "YouTubeInstanceGenerator\YouTubeInstanceGenerator.csproj", "{8A697A2A-C580-4293-9902-BE7494BC60EF}"
EndProject
Global
	GlobalSection(SolutionConfigurationPlatforms) = preSolution
		Debug|Any CPU = Debug|Any CPU
		Release|Any CPU = Release|Any CPU
	EndGlobalSection
	GlobalSection(ProjectConfigurationPlatforms) = postSolution
		{8A697A2A-C580-4293-9902-BE7494BC60EF}.Debug|Any CPU.ActiveCfg = Debug|Any CPU
		{8A697A2A-C580-4293-9902-BE7494BC60EF}.Debug|Any CPU.Build.0 = Debug|Any CPU
		{8A697A2A-C580-4293-9902-BE7494BC60EF}.Release|Any CPU.ActiveCfg = Release|Any CPU
		{8A697A2A-C580-4293-9902-BE7494BC60EF}.Release|Any CPU.Build.0 = Release|Any CPU
	EndGlobalSection
	GlobalSection(SolutionProperties) = preSolution
		HideSolutionNode = FALSE
	EndGlobalSection
	GlobalSection(ExtensibilityGlobals) = postSolution
		SolutionGuid = {06BDFAA9-72B1-48FE-B28D-43E79F0E7553}
	EndGlobalSection
EndGlobal
